// !$*UTF8*$!
{
	archiveVersion = 1;
	classes = {
	};
	objectVersion = 51;
	objects = {

/* Begin PBXBuildFile section */
		1D0657AE25E4219F0024229D /* UserChange.swift in Sources */ = {isa = PBXBuildFile; fileRef = 1D0657AD25E4219F0024229D /* UserChange.swift */; };
		1D0657B325E421BE0024229D /* UserChangeRequestFactory.swift in Sources */ = {isa = PBXBuildFile; fileRef = 1D0657B225E421BE0024229D /* UserChangeRequestFactory.swift */; };
		1D2857FC25DDA60B00AB974A /* AppDelegate.swift in Sources */ = {isa = PBXBuildFile; fileRef = 1D2857FB25DDA60B00AB974A /* AppDelegate.swift */; };
		1D2857FE25DDA60B00AB974A /* SceneDelegate.swift in Sources */ = {isa = PBXBuildFile; fileRef = 1D2857FD25DDA60B00AB974A /* SceneDelegate.swift */; };
		1D28580525DDA60F00AB974A /* Assets.xcassets in Resources */ = {isa = PBXBuildFile; fileRef = 1D28580425DDA60F00AB974A /* Assets.xcassets */; };
		1D28580825DDA60F00AB974A /* LaunchScreen.storyboard in Resources */ = {isa = PBXBuildFile; fileRef = 1D28580625DDA60F00AB974A /* LaunchScreen.storyboard */; };
		1D28581325DDA60F00AB974A /* GBShopTests.swift in Sources */ = {isa = PBXBuildFile; fileRef = 1D28581225DDA60F00AB974A /* GBShopTests.swift */; };
		1D28581E25DDA60F00AB974A /* GBShopUITests.swift in Sources */ = {isa = PBXBuildFile; fileRef = 1D28581D25DDA60F00AB974A /* GBShopUITests.swift */; };
		1D28584E25DEFE1000AB974A /* AbstractErrorParser.swift in Sources */ = {isa = PBXBuildFile; fileRef = 1D28584D25DEFE0F00AB974A /* AbstractErrorParser.swift */; };
		1D28585325DEFEA100AB974A /* ErrorParser.swift in Sources */ = {isa = PBXBuildFile; fileRef = 1D28585225DEFEA100AB974A /* ErrorParser.swift */; };
		1D28585825DEFF6900AB974A /* DataRequest.swift in Sources */ = {isa = PBXBuildFile; fileRef = 1D28585725DEFF6900AB974A /* DataRequest.swift */; };
		1D34E7DD25E22C990049F0B4 /* RequestRouter.swift in Sources */ = {isa = PBXBuildFile; fileRef = 1D34E7DC25E22C990049F0B4 /* RequestRouter.swift */; };
		1D34E7E225E241CB0049F0B4 /* LoginResult.swift in Sources */ = {isa = PBXBuildFile; fileRef = 1D34E7E125E241CB0049F0B4 /* LoginResult.swift */; };
		1D34E7E725E2421B0049F0B4 /* User.swift in Sources */ = {isa = PBXBuildFile; fileRef = 1D34E7E625E2421B0049F0B4 /* User.swift */; };
		1D34E7ED25E243820049F0B4 /* AuthRequestFactory.swift in Sources */ = {isa = PBXBuildFile; fileRef = 1D34E7EC25E243820049F0B4 /* AuthRequestFactory.swift */; };
		1D34E7F225E243E50049F0B4 /* Auth.swift in Sources */ = {isa = PBXBuildFile; fileRef = 1D34E7F125E243E50049F0B4 /* Auth.swift */; };
		1D34E7F725E244410049F0B4 /* AbstractRequestFactory.swift in Sources */ = {isa = PBXBuildFile; fileRef = 1D34E7F625E244410049F0B4 /* AbstractRequestFactory.swift */; };
		1D34E7FC25E2D9970049F0B4 /* RequestFactory.swift in Sources */ = {isa = PBXBuildFile; fileRef = 1D34E7FB25E2D9970049F0B4 /* RequestFactory.swift */; };
		1D34E81225E40D7D0049F0B4 /* JustResult.swift in Sources */ = {isa = PBXBuildFile; fileRef = 1D34E81125E40D7D0049F0B4 /* JustResult.swift */; };
		1D34E82A25E418220049F0B4 /* Logout.swift in Sources */ = {isa = PBXBuildFile; fileRef = 1D34E82625E4154A0049F0B4 /* Logout.swift */; };
		1D34E82E25E418250049F0B4 /* LogoutRequestFactory.swift in Sources */ = {isa = PBXBuildFile; fileRef = 1D34E82525E415410049F0B4 /* LogoutRequestFactory.swift */; };
		1D34E83825E419D60049F0B4 /* UserMessageResult.swift in Sources */ = {isa = PBXBuildFile; fileRef = 1D34E83725E419D60049F0B4 /* UserMessageResult.swift */; };
		1D34E84925E41C4F0049F0B4 /* RegistrationRequestFactory.swift in Sources */ = {isa = PBXBuildFile; fileRef = 1D34E84825E41C4F0049F0B4 /* RegistrationRequestFactory.swift */; };
		1D34E85025E41D6A0049F0B4 /* Registration.swift in Sources */ = {isa = PBXBuildFile; fileRef = 1D34E83525E4196B0049F0B4 /* Registration.swift */; };
		1F8FC7A72C0C6DDF082B035C /* Pods_GBShop.framework in Frameworks */ = {isa = PBXBuildFile; fileRef = E459818ADC3C1108F5B796C0 /* Pods_GBShop.framework */; };
		AA4FBBEACE57BD8C0D0B6AE6 /* Pods_GBShopTests.framework in Frameworks */ = {isa = PBXBuildFile; fileRef = CADEAF268401E12990345788 /* Pods_GBShopTests.framework */; };
		C7E13F28BCE101161222B3D9 /* Pods_GBShop_GBShopUITests.framework in Frameworks */ = {isa = PBXBuildFile; fileRef = 6E7ABA529A27365C44977516 /* Pods_GBShop_GBShopUITests.framework */; };
/* End PBXBuildFile section */

/* Begin PBXContainerItemProxy section */
		1D28580F25DDA60F00AB974A /* PBXContainerItemProxy */ = {
			isa = PBXContainerItemProxy;
			containerPortal = 1D2857F025DDA60B00AB974A /* Project object */;
			proxyType = 1;
			remoteGlobalIDString = 1D2857F725DDA60B00AB974A;
			remoteInfo = GBShop;
		};
		1D28581A25DDA60F00AB974A /* PBXContainerItemProxy */ = {
			isa = PBXContainerItemProxy;
			containerPortal = 1D2857F025DDA60B00AB974A /* Project object */;
			proxyType = 1;
			remoteGlobalIDString = 1D2857F725DDA60B00AB974A;
			remoteInfo = GBShop;
		};
/* End PBXContainerItemProxy section */

/* Begin PBXFileReference section */
		11945FA50198A031EA0FF775 /* Pods-GBShop.release.xcconfig */ = {isa = PBXFileReference; includeInIndex = 1; lastKnownFileType = text.xcconfig; name = "Pods-GBShop.release.xcconfig"; path = "Target Support Files/Pods-GBShop/Pods-GBShop.release.xcconfig"; sourceTree = "<group>"; };
		1D0657AD25E4219F0024229D /* UserChange.swift */ = {isa = PBXFileReference; lastKnownFileType = sourcecode.swift; path = UserChange.swift; sourceTree = "<group>"; };
		1D0657B225E421BE0024229D /* UserChangeRequestFactory.swift */ = {isa = PBXFileReference; lastKnownFileType = sourcecode.swift; path = UserChangeRequestFactory.swift; sourceTree = "<group>"; };
		1D2857F825DDA60B00AB974A /* GBShop.app */ = {isa = PBXFileReference; explicitFileType = wrapper.application; includeInIndex = 0; path = GBShop.app; sourceTree = BUILT_PRODUCTS_DIR; };
		1D2857FB25DDA60B00AB974A /* AppDelegate.swift */ = {isa = PBXFileReference; lastKnownFileType = sourcecode.swift; path = AppDelegate.swift; sourceTree = "<group>"; };
		1D2857FD25DDA60B00AB974A /* SceneDelegate.swift */ = {isa = PBXFileReference; lastKnownFileType = sourcecode.swift; path = SceneDelegate.swift; sourceTree = "<group>"; };
		1D28580425DDA60F00AB974A /* Assets.xcassets */ = {isa = PBXFileReference; lastKnownFileType = folder.assetcatalog; path = Assets.xcassets; sourceTree = "<group>"; };
		1D28580725DDA60F00AB974A /* Base */ = {isa = PBXFileReference; lastKnownFileType = file.storyboard; name = Base; path = Base.lproj/LaunchScreen.storyboard; sourceTree = "<group>"; };
		1D28580925DDA60F00AB974A /* Info.plist */ = {isa = PBXFileReference; lastKnownFileType = text.plist.xml; path = Info.plist; sourceTree = "<group>"; };
		1D28580E25DDA60F00AB974A /* GBShopTests.xctest */ = {isa = PBXFileReference; explicitFileType = wrapper.cfbundle; includeInIndex = 0; path = GBShopTests.xctest; sourceTree = BUILT_PRODUCTS_DIR; };
		1D28581225DDA60F00AB974A /* GBShopTests.swift */ = {isa = PBXFileReference; lastKnownFileType = sourcecode.swift; path = GBShopTests.swift; sourceTree = "<group>"; };
		1D28581425DDA60F00AB974A /* Info.plist */ = {isa = PBXFileReference; lastKnownFileType = text.plist.xml; path = Info.plist; sourceTree = "<group>"; };
		1D28581925DDA60F00AB974A /* GBShopUITests.xctest */ = {isa = PBXFileReference; explicitFileType = wrapper.cfbundle; includeInIndex = 0; path = GBShopUITests.xctest; sourceTree = BUILT_PRODUCTS_DIR; };
		1D28581D25DDA60F00AB974A /* GBShopUITests.swift */ = {isa = PBXFileReference; lastKnownFileType = sourcecode.swift; path = GBShopUITests.swift; sourceTree = "<group>"; };
		1D28581F25DDA60F00AB974A /* Info.plist */ = {isa = PBXFileReference; lastKnownFileType = text.plist.xml; path = Info.plist; sourceTree = "<group>"; };
		1D28584D25DEFE0F00AB974A /* AbstractErrorParser.swift */ = {isa = PBXFileReference; lastKnownFileType = sourcecode.swift; path = AbstractErrorParser.swift; sourceTree = "<group>"; };
		1D28585225DEFEA100AB974A /* ErrorParser.swift */ = {isa = PBXFileReference; lastKnownFileType = sourcecode.swift; path = ErrorParser.swift; sourceTree = "<group>"; };
		1D28585725DEFF6900AB974A /* DataRequest.swift */ = {isa = PBXFileReference; lastKnownFileType = sourcecode.swift; path = DataRequest.swift; sourceTree = "<group>"; };
		1D34E7DC25E22C990049F0B4 /* RequestRouter.swift */ = {isa = PBXFileReference; lastKnownFileType = sourcecode.swift; path = RequestRouter.swift; sourceTree = "<group>"; };
		1D34E7E125E241CB0049F0B4 /* LoginResult.swift */ = {isa = PBXFileReference; lastKnownFileType = sourcecode.swift; path = LoginResult.swift; sourceTree = "<group>"; };
		1D34E7E625E2421B0049F0B4 /* User.swift */ = {isa = PBXFileReference; lastKnownFileType = sourcecode.swift; path = User.swift; sourceTree = "<group>"; };
		1D34E7EC25E243820049F0B4 /* AuthRequestFactory.swift */ = {isa = PBXFileReference; lastKnownFileType = sourcecode.swift; path = AuthRequestFactory.swift; sourceTree = "<group>"; };
		1D34E7F125E243E50049F0B4 /* Auth.swift */ = {isa = PBXFileReference; lastKnownFileType = sourcecode.swift; path = Auth.swift; sourceTree = "<group>"; };
		1D34E7F625E244410049F0B4 /* AbstractRequestFactory.swift */ = {isa = PBXFileReference; lastKnownFileType = sourcecode.swift; path = AbstractRequestFactory.swift; sourceTree = "<group>"; };
		1D34E7FB25E2D9970049F0B4 /* RequestFactory.swift */ = {isa = PBXFileReference; lastKnownFileType = sourcecode.swift; path = RequestFactory.swift; sourceTree = "<group>"; };
		1D34E81125E40D7D0049F0B4 /* JustResult.swift */ = {isa = PBXFileReference; lastKnownFileType = sourcecode.swift; path = JustResult.swift; sourceTree = "<group>"; };
		1D34E82525E415410049F0B4 /* LogoutRequestFactory.swift */ = {isa = PBXFileReference; lastKnownFileType = sourcecode.swift; path = LogoutRequestFactory.swift; sourceTree = "<group>"; };
		1D34E82625E4154A0049F0B4 /* Logout.swift */ = {isa = PBXFileReference; lastKnownFileType = sourcecode.swift; path = Logout.swift; sourceTree = "<group>"; };
		1D34E83525E4196B0049F0B4 /* Registration.swift */ = {isa = PBXFileReference; lastKnownFileType = sourcecode.swift; path = Registration.swift; sourceTree = "<group>"; };
		1D34E83725E419D60049F0B4 /* UserMessageResult.swift */ = {isa = PBXFileReference; lastKnownFileType = sourcecode.swift; path = UserMessageResult.swift; sourceTree = "<group>"; };
		1D34E84825E41C4F0049F0B4 /* RegistrationRequestFactory.swift */ = {isa = PBXFileReference; lastKnownFileType = sourcecode.swift; path = RegistrationRequestFactory.swift; sourceTree = "<group>"; };
		3F62A038FD4C9FB63795285F /* Pods-GBShopTests.release.xcconfig */ = {isa = PBXFileReference; includeInIndex = 1; lastKnownFileType = text.xcconfig; name = "Pods-GBShopTests.release.xcconfig"; path = "Target Support Files/Pods-GBShopTests/Pods-GBShopTests.release.xcconfig"; sourceTree = "<group>"; };
		4202C133A8CFEE72E4298367 /* Pods-GBShop-GBShopUITests.debug.xcconfig */ = {isa = PBXFileReference; includeInIndex = 1; lastKnownFileType = text.xcconfig; name = "Pods-GBShop-GBShopUITests.debug.xcconfig"; path = "Target Support Files/Pods-GBShop-GBShopUITests/Pods-GBShop-GBShopUITests.debug.xcconfig"; sourceTree = "<group>"; };
		6E7ABA529A27365C44977516 /* Pods_GBShop_GBShopUITests.framework */ = {isa = PBXFileReference; explicitFileType = wrapper.framework; includeInIndex = 0; path = Pods_GBShop_GBShopUITests.framework; sourceTree = BUILT_PRODUCTS_DIR; };
		97D1450636D5E4B2848463A5 /* Pods-GBShop.debug.xcconfig */ = {isa = PBXFileReference; includeInIndex = 1; lastKnownFileType = text.xcconfig; name = "Pods-GBShop.debug.xcconfig"; path = "Target Support Files/Pods-GBShop/Pods-GBShop.debug.xcconfig"; sourceTree = "<group>"; };
		CADEAF268401E12990345788 /* Pods_GBShopTests.framework */ = {isa = PBXFileReference; explicitFileType = wrapper.framework; includeInIndex = 0; path = Pods_GBShopTests.framework; sourceTree = BUILT_PRODUCTS_DIR; };
		E191830D31C6D03B808EB0B6 /* Pods-GBShopTests.debug.xcconfig */ = {isa = PBXFileReference; includeInIndex = 1; lastKnownFileType = text.xcconfig; name = "Pods-GBShopTests.debug.xcconfig"; path = "Target Support Files/Pods-GBShopTests/Pods-GBShopTests.debug.xcconfig"; sourceTree = "<group>"; };
		E459818ADC3C1108F5B796C0 /* Pods_GBShop.framework */ = {isa = PBXFileReference; explicitFileType = wrapper.framework; includeInIndex = 0; path = Pods_GBShop.framework; sourceTree = BUILT_PRODUCTS_DIR; };
		E718E72B50A6065B20636ADB /* Pods-GBShop-GBShopUITests.release.xcconfig */ = {isa = PBXFileReference; includeInIndex = 1; lastKnownFileType = text.xcconfig; name = "Pods-GBShop-GBShopUITests.release.xcconfig"; path = "Target Support Files/Pods-GBShop-GBShopUITests/Pods-GBShop-GBShopUITests.release.xcconfig"; sourceTree = "<group>"; };
/* End PBXFileReference section */

/* Begin PBXFrameworksBuildPhase section */
		1D2857F525DDA60B00AB974A /* Frameworks */ = {
			isa = PBXFrameworksBuildPhase;
			buildActionMask = 2147483647;
			files = (
				1F8FC7A72C0C6DDF082B035C /* Pods_GBShop.framework in Frameworks */,
			);
			runOnlyForDeploymentPostprocessing = 0;
		};
		1D28580B25DDA60F00AB974A /* Frameworks */ = {
			isa = PBXFrameworksBuildPhase;
			buildActionMask = 2147483647;
			files = (
				AA4FBBEACE57BD8C0D0B6AE6 /* Pods_GBShopTests.framework in Frameworks */,
			);
			runOnlyForDeploymentPostprocessing = 0;
		};
		1D28581625DDA60F00AB974A /* Frameworks */ = {
			isa = PBXFrameworksBuildPhase;
			buildActionMask = 2147483647;
			files = (
				C7E13F28BCE101161222B3D9 /* Pods_GBShop_GBShopUITests.framework in Frameworks */,
			);
			runOnlyForDeploymentPostprocessing = 0;
		};
/* End PBXFrameworksBuildPhase section */

/* Begin PBXGroup section */
		1D2857EF25DDA60B00AB974A = {
			isa = PBXGroup;
			children = (
				1D2857FA25DDA60B00AB974A /* GBShop */,
				1D28581125DDA60F00AB974A /* GBShopTests */,
				1D28581C25DDA60F00AB974A /* GBShopUITests */,
				1D2857F925DDA60B00AB974A /* Products */,
				C07556F3171EA40213885712 /* Pods */,
				51B461F437E866714512EA97 /* Frameworks */,
			);
			sourceTree = "<group>";
		};
		1D2857F925DDA60B00AB974A /* Products */ = {
			isa = PBXGroup;
			children = (
				1D2857F825DDA60B00AB974A /* GBShop.app */,
				1D28580E25DDA60F00AB974A /* GBShopTests.xctest */,
				1D28581925DDA60F00AB974A /* GBShopUITests.xctest */,
			);
			name = Products;
			sourceTree = "<group>";
		};
		1D2857FA25DDA60B00AB974A /* GBShop */ = {
			isa = PBXGroup;
			children = (
				1D28582E25DDAA5A00AB974A /* App */,
				1D2857FB25DDA60B00AB974A /* AppDelegate.swift */,
				1D28583325DDAB0000AB974A /* Core */,
				1D28583425DDAB0A00AB974A /* Resources */,
				1D28583525DDAB1400AB974A /* Environments */,
				1D2857FD25DDA60B00AB974A /* SceneDelegate.swift */,
			);
			path = GBShop;
			sourceTree = "<group>";
		};
		1D28581125DDA60F00AB974A /* GBShopTests */ = {
			isa = PBXGroup;
			children = (
				1D28581225DDA60F00AB974A /* GBShopTests.swift */,
				1D28581425DDA60F00AB974A /* Info.plist */,
			);
			path = GBShopTests;
			sourceTree = "<group>";
		};
		1D28581C25DDA60F00AB974A /* GBShopUITests */ = {
			isa = PBXGroup;
			children = (
				1D28581D25DDA60F00AB974A /* GBShopUITests.swift */,
				1D28581F25DDA60F00AB974A /* Info.plist */,
			);
			path = GBShopUITests;
			sourceTree = "<group>";
		};
		1D28582E25DDAA5A00AB974A /* App */ = {
			isa = PBXGroup;
			children = (
				1D28583225DDAAE500AB974A /* Flows */,
				1D28583125DDAACA00AB974A /* Assembly */,
				1D28583025DDAAB300AB974A /* Entity */,
				1D28582F25DDAA6B00AB974A /* BusinessLogic */,
			);
			path = App;
			sourceTree = "<group>";
		};
		1D28582F25DDAA6B00AB974A /* BusinessLogic */ = {
			isa = PBXGroup;
			children = (
				1D34E7EB25E2429D0049F0B4 /* Network */,
			);
			path = BusinessLogic;
			sourceTree = "<group>";
		};
		1D28583025DDAAB300AB974A /* Entity */ = {
			isa = PBXGroup;
			children = (
				1D34E83725E419D60049F0B4 /* UserMessageResult.swift */,
				1D34E7E125E241CB0049F0B4 /* LoginResult.swift */,
				1D34E7E625E2421B0049F0B4 /* User.swift */,
				1D34E81125E40D7D0049F0B4 /* JustResult.swift */,
			);
			path = Entity;
			sourceTree = "<group>";
		};
		1D28583125DDAACA00AB974A /* Assembly */ = {
			isa = PBXGroup;
			children = (
			);
			path = Assembly;
			sourceTree = "<group>";
		};
		1D28583225DDAAE500AB974A /* Flows */ = {
			isa = PBXGroup;
			children = (
			);
			path = Flows;
			sourceTree = "<group>";
		};
		1D28583325DDAB0000AB974A /* Core */ = {
			isa = PBXGroup;
			children = (
				1D28584C25DEFDA300AB974A /* Network */,
			);
			path = Core;
			sourceTree = "<group>";
		};
		1D28583425DDAB0A00AB974A /* Resources */ = {
			isa = PBXGroup;
			children = (
				1D28580425DDA60F00AB974A /* Assets.xcassets */,
				1D28580625DDA60F00AB974A /* LaunchScreen.storyboard */,
			);
			path = Resources;
			sourceTree = "<group>";
		};
		1D28583525DDAB1400AB974A /* Environments */ = {
			isa = PBXGroup;
			children = (
				1D28580925DDA60F00AB974A /* Info.plist */,
			);
			path = Environments;
			sourceTree = "<group>";
		};
		1D28584C25DEFDA300AB974A /* Network */ = {
			isa = PBXGroup;
			children = (
				1D28584D25DEFE0F00AB974A /* AbstractErrorParser.swift */,
				1D28585225DEFEA100AB974A /* ErrorParser.swift */,
				1D28585725DEFF6900AB974A /* DataRequest.swift */,
				1D34E7DC25E22C990049F0B4 /* RequestRouter.swift */,
				1D34E7F625E244410049F0B4 /* AbstractRequestFactory.swift */,
			);
			path = Network;
			sourceTree = "<group>";
		};
		1D34E7EB25E2429D0049F0B4 /* Network */ = {
			isa = PBXGroup;
			children = (
				1D34E82425E415340049F0B4 /* UserCahnge */,
				1D34E82325E415280049F0B4 /* Logout */,
				1D34E82225E415190049F0B4 /* Registration */,
				1D34E82125E4150A0049F0B4 /* Authorization */,
				1D34E7FB25E2D9970049F0B4 /* RequestFactory.swift */,
			);
			path = Network;
			sourceTree = "<group>";
		};
		1D34E82125E4150A0049F0B4 /* Authorization */ = {
			isa = PBXGroup;
			children = (
				1D34E7F125E243E50049F0B4 /* Auth.swift */,
				1D34E7EC25E243820049F0B4 /* AuthRequestFactory.swift */,
			);
			path = Authorization;
			sourceTree = "<group>";
		};
		1D34E82225E415190049F0B4 /* Registration */ = {
			isa = PBXGroup;
			children = (
				1D34E83525E4196B0049F0B4 /* Registration.swift */,
				1D34E84825E41C4F0049F0B4 /* RegistrationRequestFactory.swift */,
			);
			path = Registration;
			sourceTree = "<group>";
		};
		1D34E82325E415280049F0B4 /* Logout */ = {
			isa = PBXGroup;
			children = (
				1D34E82625E4154A0049F0B4 /* Logout.swift */,
				1D34E82525E415410049F0B4 /* LogoutRequestFactory.swift */,
			);
			path = Logout;
			sourceTree = "<group>";
		};
		1D34E82425E415340049F0B4 /* UserCahnge */ = {
			isa = PBXGroup;
			children = (
				1D0657AD25E4219F0024229D /* UserChange.swift */,
				1D0657B225E421BE0024229D /* UserChangeRequestFactory.swift */,
			);
			path = UserCahnge;
			sourceTree = "<group>";
		};
		51B461F437E866714512EA97 /* Frameworks */ = {
			isa = PBXGroup;
			children = (
				E459818ADC3C1108F5B796C0 /* Pods_GBShop.framework */,
				6E7ABA529A27365C44977516 /* Pods_GBShop_GBShopUITests.framework */,
				CADEAF268401E12990345788 /* Pods_GBShopTests.framework */,
			);
			name = Frameworks;
			sourceTree = "<group>";
		};
		C07556F3171EA40213885712 /* Pods */ = {
			isa = PBXGroup;
			children = (
				97D1450636D5E4B2848463A5 /* Pods-GBShop.debug.xcconfig */,
				11945FA50198A031EA0FF775 /* Pods-GBShop.release.xcconfig */,
				4202C133A8CFEE72E4298367 /* Pods-GBShop-GBShopUITests.debug.xcconfig */,
				E718E72B50A6065B20636ADB /* Pods-GBShop-GBShopUITests.release.xcconfig */,
				E191830D31C6D03B808EB0B6 /* Pods-GBShopTests.debug.xcconfig */,
				3F62A038FD4C9FB63795285F /* Pods-GBShopTests.release.xcconfig */,
			);
			path = Pods;
			sourceTree = "<group>";
		};
/* End PBXGroup section */

/* Begin PBXNativeTarget section */
		1D2857F725DDA60B00AB974A /* GBShop */ = {
			isa = PBXNativeTarget;
			buildConfigurationList = 1D28582225DDA60F00AB974A /* Build configuration list for PBXNativeTarget "GBShop" */;
			buildPhases = (
				289EEEF75650187E69358C1B /* [CP] Check Pods Manifest.lock */,
				1D2857F425DDA60B00AB974A /* Sources */,
				1D2857F525DDA60B00AB974A /* Frameworks */,
				1D2857F625DDA60B00AB974A /* Resources */,
				1A59DA0A448C0366A14CCF31 /* [CP] Embed Pods Frameworks */,
			);
			buildRules = (
			);
			dependencies = (
			);
			name = GBShop;
			productName = GBShop;
			productReference = 1D2857F825DDA60B00AB974A /* GBShop.app */;
			productType = "com.apple.product-type.application";
		};
		1D28580D25DDA60F00AB974A /* GBShopTests */ = {
			isa = PBXNativeTarget;
			buildConfigurationList = 1D28582525DDA60F00AB974A /* Build configuration list for PBXNativeTarget "GBShopTests" */;
			buildPhases = (
				6A3C35B94883CD1C580AC01C /* [CP] Check Pods Manifest.lock */,
				1D28580A25DDA60F00AB974A /* Sources */,
				1D28580B25DDA60F00AB974A /* Frameworks */,
				1D28580C25DDA60F00AB974A /* Resources */,
			);
			buildRules = (
			);
			dependencies = (
				1D28581025DDA60F00AB974A /* PBXTargetDependency */,
			);
			name = GBShopTests;
			productName = GBShopTests;
			productReference = 1D28580E25DDA60F00AB974A /* GBShopTests.xctest */;
			productType = "com.apple.product-type.bundle.unit-test";
		};
		1D28581825DDA60F00AB974A /* GBShopUITests */ = {
			isa = PBXNativeTarget;
			buildConfigurationList = 1D28582825DDA60F00AB974A /* Build configuration list for PBXNativeTarget "GBShopUITests" */;
			buildPhases = (
				AC0153E1AC4AFC94EEF4BE21 /* [CP] Check Pods Manifest.lock */,
				1D28581525DDA60F00AB974A /* Sources */,
				1D28581625DDA60F00AB974A /* Frameworks */,
				1D28581725DDA60F00AB974A /* Resources */,
				94621D05D4766D74D5EA3039 /* [CP] Embed Pods Frameworks */,
			);
			buildRules = (
			);
			dependencies = (
				1D28581B25DDA60F00AB974A /* PBXTargetDependency */,
			);
			name = GBShopUITests;
			productName = GBShopUITests;
			productReference = 1D28581925DDA60F00AB974A /* GBShopUITests.xctest */;
			productType = "com.apple.product-type.bundle.ui-testing";
		};
/* End PBXNativeTarget section */

/* Begin PBXProject section */
		1D2857F025DDA60B00AB974A /* Project object */ = {
			isa = PBXProject;
			attributes = {
				LastSwiftUpdateCheck = 1200;
				LastUpgradeCheck = 1200;
				TargetAttributes = {
					1D2857F725DDA60B00AB974A = {
						CreatedOnToolsVersion = 12.0.1;
					};
					1D28580D25DDA60F00AB974A = {
						CreatedOnToolsVersion = 12.0.1;
						TestTargetID = 1D2857F725DDA60B00AB974A;
					};
					1D28581825DDA60F00AB974A = {
						CreatedOnToolsVersion = 12.0.1;
						TestTargetID = 1D2857F725DDA60B00AB974A;
					};
				};
			};
			buildConfigurationList = 1D2857F325DDA60B00AB974A /* Build configuration list for PBXProject "GBShop" */;
			compatibilityVersion = "Xcode 9.3";
			developmentRegion = en;
			hasScannedForEncodings = 0;
			knownRegions = (
				en,
				Base,
			);
			mainGroup = 1D2857EF25DDA60B00AB974A;
			productRefGroup = 1D2857F925DDA60B00AB974A /* Products */;
			projectDirPath = "";
			projectRoot = "";
			targets = (
				1D2857F725DDA60B00AB974A /* GBShop */,
				1D28580D25DDA60F00AB974A /* GBShopTests */,
				1D28581825DDA60F00AB974A /* GBShopUITests */,
			);
		};
/* End PBXProject section */

/* Begin PBXResourcesBuildPhase section */
		1D2857F625DDA60B00AB974A /* Resources */ = {
			isa = PBXResourcesBuildPhase;
			buildActionMask = 2147483647;
			files = (
				1D28580825DDA60F00AB974A /* LaunchScreen.storyboard in Resources */,
				1D28580525DDA60F00AB974A /* Assets.xcassets in Resources */,
			);
			runOnlyForDeploymentPostprocessing = 0;
		};
		1D28580C25DDA60F00AB974A /* Resources */ = {
			isa = PBXResourcesBuildPhase;
			buildActionMask = 2147483647;
			files = (
			);
			runOnlyForDeploymentPostprocessing = 0;
		};
		1D28581725DDA60F00AB974A /* Resources */ = {
			isa = PBXResourcesBuildPhase;
			buildActionMask = 2147483647;
			files = (
			);
			runOnlyForDeploymentPostprocessing = 0;
		};
/* End PBXResourcesBuildPhase section */

/* Begin PBXShellScriptBuildPhase section */
		1A59DA0A448C0366A14CCF31 /* [CP] Embed Pods Frameworks */ = {
			isa = PBXShellScriptBuildPhase;
			buildActionMask = 2147483647;
			files = (
			);
			inputFileListPaths = (
				"${PODS_ROOT}/Target Support Files/Pods-GBShop/Pods-GBShop-frameworks-${CONFIGURATION}-input-files.xcfilelist",
			);
			name = "[CP] Embed Pods Frameworks";
			outputFileListPaths = (
				"${PODS_ROOT}/Target Support Files/Pods-GBShop/Pods-GBShop-frameworks-${CONFIGURATION}-output-files.xcfilelist",
			);
			runOnlyForDeploymentPostprocessing = 0;
			shellPath = /bin/sh;
			shellScript = "\"${PODS_ROOT}/Target Support Files/Pods-GBShop/Pods-GBShop-frameworks.sh\"\n";
			showEnvVarsInLog = 0;
		};
		289EEEF75650187E69358C1B /* [CP] Check Pods Manifest.lock */ = {
			isa = PBXShellScriptBuildPhase;
			buildActionMask = 2147483647;
			files = (
			);
			inputFileListPaths = (
			);
			inputPaths = (
				"${PODS_PODFILE_DIR_PATH}/Podfile.lock",
				"${PODS_ROOT}/Manifest.lock",
			);
			name = "[CP] Check Pods Manifest.lock";
			outputFileListPaths = (
			);
			outputPaths = (
				"$(DERIVED_FILE_DIR)/Pods-GBShop-checkManifestLockResult.txt",
			);
			runOnlyForDeploymentPostprocessing = 0;
			shellPath = /bin/sh;
			shellScript = "diff \"${PODS_PODFILE_DIR_PATH}/Podfile.lock\" \"${PODS_ROOT}/Manifest.lock\" > /dev/null\nif [ $? != 0 ] ; then\n    # print error to STDERR\n    echo \"error: The sandbox is not in sync with the Podfile.lock. Run 'pod install' or update your CocoaPods installation.\" >&2\n    exit 1\nfi\n# This output is used by Xcode 'outputs' to avoid re-running this script phase.\necho \"SUCCESS\" > \"${SCRIPT_OUTPUT_FILE_0}\"\n";
			showEnvVarsInLog = 0;
		};
		6A3C35B94883CD1C580AC01C /* [CP] Check Pods Manifest.lock */ = {
			isa = PBXShellScriptBuildPhase;
			buildActionMask = 2147483647;
			files = (
			);
			inputFileListPaths = (
			);
			inputPaths = (
				"${PODS_PODFILE_DIR_PATH}/Podfile.lock",
				"${PODS_ROOT}/Manifest.lock",
			);
			name = "[CP] Check Pods Manifest.lock";
			outputFileListPaths = (
			);
			outputPaths = (
				"$(DERIVED_FILE_DIR)/Pods-GBShopTests-checkManifestLockResult.txt",
			);
			runOnlyForDeploymentPostprocessing = 0;
			shellPath = /bin/sh;
			shellScript = "diff \"${PODS_PODFILE_DIR_PATH}/Podfile.lock\" \"${PODS_ROOT}/Manifest.lock\" > /dev/null\nif [ $? != 0 ] ; then\n    # print error to STDERR\n    echo \"error: The sandbox is not in sync with the Podfile.lock. Run 'pod install' or update your CocoaPods installation.\" >&2\n    exit 1\nfi\n# This output is used by Xcode 'outputs' to avoid re-running this script phase.\necho \"SUCCESS\" > \"${SCRIPT_OUTPUT_FILE_0}\"\n";
			showEnvVarsInLog = 0;
		};
		94621D05D4766D74D5EA3039 /* [CP] Embed Pods Frameworks */ = {
			isa = PBXShellScriptBuildPhase;
			buildActionMask = 2147483647;
			files = (
			);
			inputFileListPaths = (
				"${PODS_ROOT}/Target Support Files/Pods-GBShop-GBShopUITests/Pods-GBShop-GBShopUITests-frameworks-${CONFIGURATION}-input-files.xcfilelist",
			);
			name = "[CP] Embed Pods Frameworks";
			outputFileListPaths = (
				"${PODS_ROOT}/Target Support Files/Pods-GBShop-GBShopUITests/Pods-GBShop-GBShopUITests-frameworks-${CONFIGURATION}-output-files.xcfilelist",
			);
			runOnlyForDeploymentPostprocessing = 0;
			shellPath = /bin/sh;
			shellScript = "\"${PODS_ROOT}/Target Support Files/Pods-GBShop-GBShopUITests/Pods-GBShop-GBShopUITests-frameworks.sh\"\n";
			showEnvVarsInLog = 0;
		};
		AC0153E1AC4AFC94EEF4BE21 /* [CP] Check Pods Manifest.lock */ = {
			isa = PBXShellScriptBuildPhase;
			buildActionMask = 2147483647;
			files = (
			);
			inputFileListPaths = (
			);
			inputPaths = (
				"${PODS_PODFILE_DIR_PATH}/Podfile.lock",
				"${PODS_ROOT}/Manifest.lock",
			);
			name = "[CP] Check Pods Manifest.lock";
			outputFileListPaths = (
			);
			outputPaths = (
				"$(DERIVED_FILE_DIR)/Pods-GBShop-GBShopUITests-checkManifestLockResult.txt",
			);
			runOnlyForDeploymentPostprocessing = 0;
			shellPath = /bin/sh;
			shellScript = "diff \"${PODS_PODFILE_DIR_PATH}/Podfile.lock\" \"${PODS_ROOT}/Manifest.lock\" > /dev/null\nif [ $? != 0 ] ; then\n    # print error to STDERR\n    echo \"error: The sandbox is not in sync with the Podfile.lock. Run 'pod install' or update your CocoaPods installation.\" >&2\n    exit 1\nfi\n# This output is used by Xcode 'outputs' to avoid re-running this script phase.\necho \"SUCCESS\" > \"${SCRIPT_OUTPUT_FILE_0}\"\n";
			showEnvVarsInLog = 0;
		};
/* End PBXShellScriptBuildPhase section */

/* Begin PBXSourcesBuildPhase section */
		1D2857F425DDA60B00AB974A /* Sources */ = {
			isa = PBXSourcesBuildPhase;
			buildActionMask = 2147483647;
			files = (
				1D34E83825E419D60049F0B4 /* UserMessageResult.swift in Sources */,
				1D34E7FC25E2D9970049F0B4 /* RequestFactory.swift in Sources */,
				1D34E7F725E244410049F0B4 /* AbstractRequestFactory.swift in Sources */,
				1D0657B325E421BE0024229D /* UserChangeRequestFactory.swift in Sources */,
				1D34E84925E41C4F0049F0B4 /* RegistrationRequestFactory.swift in Sources */,
				1D34E85025E41D6A0049F0B4 /* Registration.swift in Sources */,
				1D34E81225E40D7D0049F0B4 /* JustResult.swift in Sources */,
				1D28584E25DEFE1000AB974A /* AbstractErrorParser.swift in Sources */,
				1D0657AE25E4219F0024229D /* UserChange.swift in Sources */,
				1D34E7E225E241CB0049F0B4 /* LoginResult.swift in Sources */,
				1D2857FC25DDA60B00AB974A /* AppDelegate.swift in Sources */,
				1D34E7DD25E22C990049F0B4 /* RequestRouter.swift in Sources */,
				1D34E7E725E2421B0049F0B4 /* User.swift in Sources */,
				1D34E7F225E243E50049F0B4 /* Auth.swift in Sources */,
				1D34E7ED25E243820049F0B4 /* AuthRequestFactory.swift in Sources */,
				1D2857FE25DDA60B00AB974A /* SceneDelegate.swift in Sources */,
				1D28585825DEFF6900AB974A /* DataRequest.swift in Sources */,
				1D34E82E25E418250049F0B4 /* LogoutRequestFactory.swift in Sources */,
				1D28585325DEFEA100AB974A /* ErrorParser.swift in Sources */,
				1D34E82A25E418220049F0B4 /* Logout.swift in Sources */,
			);
			runOnlyForDeploymentPostprocessing = 0;
		};
		1D28580A25DDA60F00AB974A /* Sources */ = {
			isa = PBXSourcesBuildPhase;
			buildActionMask = 2147483647;
			files = (
				1D28581325DDA60F00AB974A /* GBShopTests.swift in Sources */,
			);
			runOnlyForDeploymentPostprocessing = 0;
		};
		1D28581525DDA60F00AB974A /* Sources */ = {
			isa = PBXSourcesBuildPhase;
			buildActionMask = 2147483647;
			files = (
				1D28581E25DDA60F00AB974A /* GBShopUITests.swift in Sources */,
			);
			runOnlyForDeploymentPostprocessing = 0;
		};
/* End PBXSourcesBuildPhase section */

/* Begin PBXTargetDependency section */
		1D28581025DDA60F00AB974A /* PBXTargetDependency */ = {
			isa = PBXTargetDependency;
			target = 1D2857F725DDA60B00AB974A /* GBShop */;
			targetProxy = 1D28580F25DDA60F00AB974A /* PBXContainerItemProxy */;
		};
		1D28581B25DDA60F00AB974A /* PBXTargetDependency */ = {
			isa = PBXTargetDependency;
			target = 1D2857F725DDA60B00AB974A /* GBShop */;
			targetProxy = 1D28581A25DDA60F00AB974A /* PBXContainerItemProxy */;
		};
/* End PBXTargetDependency section */

/* Begin PBXVariantGroup section */
		1D28580625DDA60F00AB974A /* LaunchScreen.storyboard */ = {
			isa = PBXVariantGroup;
			children = (
				1D28580725DDA60F00AB974A /* Base */,
			);
			name = LaunchScreen.storyboard;
			sourceTree = "<group>";
		};
/* End PBXVariantGroup section */

/* Begin XCBuildConfiguration section */
		1D28582025DDA60F00AB974A /* Debug */ = {
			isa = XCBuildConfiguration;
			buildSettings = {
				ALWAYS_SEARCH_USER_PATHS = NO;
				CLANG_ANALYZER_NONNULL = YES;
				CLANG_ANALYZER_NUMBER_OBJECT_CONVERSION = YES_AGGRESSIVE;
				CLANG_CXX_LANGUAGE_STANDARD = "gnu++14";
				CLANG_CXX_LIBRARY = "libc++";
				CLANG_ENABLE_MODULES = YES;
				CLANG_ENABLE_OBJC_ARC = YES;
				CLANG_ENABLE_OBJC_WEAK = YES;
				CLANG_WARN_BLOCK_CAPTURE_AUTORELEASING = YES;
				CLANG_WARN_BOOL_CONVERSION = YES;
				CLANG_WARN_COMMA = YES;
				CLANG_WARN_CONSTANT_CONVERSION = YES;
				CLANG_WARN_DEPRECATED_OBJC_IMPLEMENTATIONS = YES;
				CLANG_WARN_DIRECT_OBJC_ISA_USAGE = YES_ERROR;
				CLANG_WARN_DOCUMENTATION_COMMENTS = YES;
				CLANG_WARN_EMPTY_BODY = YES;
				CLANG_WARN_ENUM_CONVERSION = YES;
				CLANG_WARN_INFINITE_RECURSION = YES;
				CLANG_WARN_INT_CONVERSION = YES;
				CLANG_WARN_NON_LITERAL_NULL_CONVERSION = YES;
				CLANG_WARN_OBJC_IMPLICIT_RETAIN_SELF = YES;
				CLANG_WARN_OBJC_LITERAL_CONVERSION = YES;
				CLANG_WARN_OBJC_ROOT_CLASS = YES_ERROR;
				CLANG_WARN_QUOTED_INCLUDE_IN_FRAMEWORK_HEADER = YES;
				CLANG_WARN_RANGE_LOOP_ANALYSIS = YES;
				CLANG_WARN_STRICT_PROTOTYPES = YES;
				CLANG_WARN_SUSPICIOUS_MOVE = YES;
				CLANG_WARN_UNGUARDED_AVAILABILITY = YES_AGGRESSIVE;
				CLANG_WARN_UNREACHABLE_CODE = YES;
				CLANG_WARN__DUPLICATE_METHOD_MATCH = YES;
				COPY_PHASE_STRIP = NO;
				DEBUG_INFORMATION_FORMAT = dwarf;
				ENABLE_STRICT_OBJC_MSGSEND = YES;
				ENABLE_TESTABILITY = YES;
				GCC_C_LANGUAGE_STANDARD = gnu11;
				GCC_DYNAMIC_NO_PIC = NO;
				GCC_NO_COMMON_BLOCKS = YES;
				GCC_OPTIMIZATION_LEVEL = 0;
				GCC_PREPROCESSOR_DEFINITIONS = (
					"DEBUG=1",
					"$(inherited)",
				);
				GCC_WARN_64_TO_32_BIT_CONVERSION = YES;
				GCC_WARN_ABOUT_RETURN_TYPE = YES_ERROR;
				GCC_WARN_UNDECLARED_SELECTOR = YES;
				GCC_WARN_UNINITIALIZED_AUTOS = YES_AGGRESSIVE;
				GCC_WARN_UNUSED_FUNCTION = YES;
				GCC_WARN_UNUSED_VARIABLE = YES;
				IPHONEOS_DEPLOYMENT_TARGET = 14.0;
				MTL_ENABLE_DEBUG_INFO = INCLUDE_SOURCE;
				MTL_FAST_MATH = YES;
				ONLY_ACTIVE_ARCH = YES;
				SDKROOT = iphoneos;
				SWIFT_ACTIVE_COMPILATION_CONDITIONS = DEBUG;
				SWIFT_OPTIMIZATION_LEVEL = "-Onone";
			};
			name = Debug;
		};
		1D28582125DDA60F00AB974A /* Release */ = {
			isa = XCBuildConfiguration;
			buildSettings = {
				ALWAYS_SEARCH_USER_PATHS = NO;
				CLANG_ANALYZER_NONNULL = YES;
				CLANG_ANALYZER_NUMBER_OBJECT_CONVERSION = YES_AGGRESSIVE;
				CLANG_CXX_LANGUAGE_STANDARD = "gnu++14";
				CLANG_CXX_LIBRARY = "libc++";
				CLANG_ENABLE_MODULES = YES;
				CLANG_ENABLE_OBJC_ARC = YES;
				CLANG_ENABLE_OBJC_WEAK = YES;
				CLANG_WARN_BLOCK_CAPTURE_AUTORELEASING = YES;
				CLANG_WARN_BOOL_CONVERSION = YES;
				CLANG_WARN_COMMA = YES;
				CLANG_WARN_CONSTANT_CONVERSION = YES;
				CLANG_WARN_DEPRECATED_OBJC_IMPLEMENTATIONS = YES;
				CLANG_WARN_DIRECT_OBJC_ISA_USAGE = YES_ERROR;
				CLANG_WARN_DOCUMENTATION_COMMENTS = YES;
				CLANG_WARN_EMPTY_BODY = YES;
				CLANG_WARN_ENUM_CONVERSION = YES;
				CLANG_WARN_INFINITE_RECURSION = YES;
				CLANG_WARN_INT_CONVERSION = YES;
				CLANG_WARN_NON_LITERAL_NULL_CONVERSION = YES;
				CLANG_WARN_OBJC_IMPLICIT_RETAIN_SELF = YES;
				CLANG_WARN_OBJC_LITERAL_CONVERSION = YES;
				CLANG_WARN_OBJC_ROOT_CLASS = YES_ERROR;
				CLANG_WARN_QUOTED_INCLUDE_IN_FRAMEWORK_HEADER = YES;
				CLANG_WARN_RANGE_LOOP_ANALYSIS = YES;
				CLANG_WARN_STRICT_PROTOTYPES = YES;
				CLANG_WARN_SUSPICIOUS_MOVE = YES;
				CLANG_WARN_UNGUARDED_AVAILABILITY = YES_AGGRESSIVE;
				CLANG_WARN_UNREACHABLE_CODE = YES;
				CLANG_WARN__DUPLICATE_METHOD_MATCH = YES;
				COPY_PHASE_STRIP = NO;
				DEBUG_INFORMATION_FORMAT = "dwarf-with-dsym";
				ENABLE_NS_ASSERTIONS = NO;
				ENABLE_STRICT_OBJC_MSGSEND = YES;
				GCC_C_LANGUAGE_STANDARD = gnu11;
				GCC_NO_COMMON_BLOCKS = YES;
				GCC_WARN_64_TO_32_BIT_CONVERSION = YES;
				GCC_WARN_ABOUT_RETURN_TYPE = YES_ERROR;
				GCC_WARN_UNDECLARED_SELECTOR = YES;
				GCC_WARN_UNINITIALIZED_AUTOS = YES_AGGRESSIVE;
				GCC_WARN_UNUSED_FUNCTION = YES;
				GCC_WARN_UNUSED_VARIABLE = YES;
				IPHONEOS_DEPLOYMENT_TARGET = 14.0;
				MTL_ENABLE_DEBUG_INFO = NO;
				MTL_FAST_MATH = YES;
				SDKROOT = iphoneos;
				SWIFT_COMPILATION_MODE = wholemodule;
				SWIFT_OPTIMIZATION_LEVEL = "-O";
				VALIDATE_PRODUCT = YES;
			};
			name = Release;
		};
		1D28582325DDA60F00AB974A /* Debug */ = {
			isa = XCBuildConfiguration;
			baseConfigurationReference = 97D1450636D5E4B2848463A5 /* Pods-GBShop.debug.xcconfig */;
			buildSettings = {
				ASSETCATALOG_COMPILER_APPICON_NAME = AppIcon;
				ASSETCATALOG_COMPILER_GLOBAL_ACCENT_COLOR_NAME = AccentColor;
				CODE_SIGN_STYLE = Automatic;
				DEVELOPMENT_TEAM = YRW2J72KS5;
				IBSC_FLATTEN_NIBS = YES;
				INFOPLIST_FILE = GBShop/Environments/Info.plist;
				LD_RUNPATH_SEARCH_PATHS = (
					"$(inherited)",
					"@executable_path/Frameworks",
				);
				PRODUCT_BUNDLE_IDENTIFIER = "com.pavel-chernyshev.GBShop";
				PRODUCT_NAME = "$(TARGET_NAME)";
				SWIFT_VERSION = 5.0;
				TARGETED_DEVICE_FAMILY = "1,2";
			};
			name = Debug;
		};
		1D28582425DDA60F00AB974A /* Release */ = {
			isa = XCBuildConfiguration;
			baseConfigurationReference = 11945FA50198A031EA0FF775 /* Pods-GBShop.release.xcconfig */;
			buildSettings = {
				ASSETCATALOG_COMPILER_APPICON_NAME = AppIcon;
				ASSETCATALOG_COMPILER_GLOBAL_ACCENT_COLOR_NAME = AccentColor;
				CODE_SIGN_STYLE = Automatic;
				DEVELOPMENT_TEAM = YRW2J72KS5;
				IBSC_FLATTEN_NIBS = YES;
				INFOPLIST_FILE = GBShop/Environments/Info.plist;
				LD_RUNPATH_SEARCH_PATHS = (
					"$(inherited)",
					"@executable_path/Frameworks",
				);
				PRODUCT_BUNDLE_IDENTIFIER = "com.pavel-chernyshev.GBShop";
				PRODUCT_NAME = "$(TARGET_NAME)";
				SWIFT_VERSION = 5.0;
				TARGETED_DEVICE_FAMILY = "1,2";
			};
			name = Release;
		};
		1D28582625DDA60F00AB974A /* Debug */ = {
			isa = XCBuildConfiguration;
			baseConfigurationReference = E191830D31C6D03B808EB0B6 /* Pods-GBShopTests.debug.xcconfig */;
			buildSettings = {
				ALWAYS_EMBED_SWIFT_STANDARD_LIBRARIES = YES;
				BUNDLE_LOADER = "$(TEST_HOST)";
				CODE_SIGN_STYLE = Automatic;
				DEVELOPMENT_TEAM = YRW2J72KS5;
				INFOPLIST_FILE = GBShopTests/Info.plist;
				IPHONEOS_DEPLOYMENT_TARGET = 14.0;
				LD_RUNPATH_SEARCH_PATHS = (
					"$(inherited)",
					"@executable_path/Frameworks",
					"@loader_path/Frameworks",
				);
				PRODUCT_BUNDLE_IDENTIFIER = "com.pavel-chernyshev.GBShopTests";
				PRODUCT_NAME = "$(TARGET_NAME)";
				SWIFT_VERSION = 5.0;
				TARGETED_DEVICE_FAMILY = "1,2";
				TEST_HOST = "$(BUILT_PRODUCTS_DIR)/GBShop.app/GBShop";
			};
			name = Debug;
		};
		1D28582725DDA60F00AB974A /* Release */ = {
			isa = XCBuildConfiguration;
			baseConfigurationReference = 3F62A038FD4C9FB63795285F /* Pods-GBShopTests.release.xcconfig */;
			buildSettings = {
				ALWAYS_EMBED_SWIFT_STANDARD_LIBRARIES = YES;
				BUNDLE_LOADER = "$(TEST_HOST)";
				CODE_SIGN_STYLE = Automatic;
				DEVELOPMENT_TEAM = YRW2J72KS5;
				INFOPLIST_FILE = GBShopTests/Info.plist;
				IPHONEOS_DEPLOYMENT_TARGET = 14.0;
				LD_RUNPATH_SEARCH_PATHS = (
					"$(inherited)",
					"@executable_path/Frameworks",
					"@loader_path/Frameworks",
				);
				PRODUCT_BUNDLE_IDENTIFIER = "com.pavel-chernyshev.GBShopTests";
				PRODUCT_NAME = "$(TARGET_NAME)";
				SWIFT_VERSION = 5.0;
				TARGETED_DEVICE_FAMILY = "1,2";
				TEST_HOST = "$(BUILT_PRODUCTS_DIR)/GBShop.app/GBShop";
			};
			name = Release;
		};
		1D28582925DDA60F00AB974A /* Debug */ = {
			isa = XCBuildConfiguration;
			baseConfigurationReference = 4202C133A8CFEE72E4298367 /* Pods-GBShop-GBShopUITests.debug.xcconfig */;
			buildSettings = {
				ALWAYS_EMBED_SWIFT_STANDARD_LIBRARIES = YES;
				CODE_SIGN_STYLE = Automatic;
				DEVELOPMENT_TEAM = YRW2J72KS5;
				INFOPLIST_FILE = GBShopUITests/Info.plist;
				LD_RUNPATH_SEARCH_PATHS = (
					"$(inherited)",
					"@executable_path/Frameworks",
					"@loader_path/Frameworks",
				);
				PRODUCT_BUNDLE_IDENTIFIER = "com.pavel-chernyshev.GBShopUITests";
				PRODUCT_NAME = "$(TARGET_NAME)";
				SWIFT_VERSION = 5.0;
				TARGETED_DEVICE_FAMILY = "1,2";
				TEST_TARGET_NAME = GBShop;
			};
			name = Debug;
		};
		1D28582A25DDA60F00AB974A /* Release */ = {
			isa = XCBuildConfiguration;
			baseConfigurationReference = E718E72B50A6065B20636ADB /* Pods-GBShop-GBShopUITests.release.xcconfig */;
			buildSettings = {
				ALWAYS_EMBED_SWIFT_STANDARD_LIBRARIES = YES;
				CODE_SIGN_STYLE = Automatic;
				DEVELOPMENT_TEAM = YRW2J72KS5;
				INFOPLIST_FILE = GBShopUITests/Info.plist;
				LD_RUNPATH_SEARCH_PATHS = (
					"$(inherited)",
					"@executable_path/Frameworks",
					"@loader_path/Frameworks",
				);
				PRODUCT_BUNDLE_IDENTIFIER = "com.pavel-chernyshev.GBShopUITests";
				PRODUCT_NAME = "$(TARGET_NAME)";
				SWIFT_VERSION = 5.0;
				TARGETED_DEVICE_FAMILY = "1,2";
				TEST_TARGET_NAME = GBShop;
			};
			name = Release;
		};
/* End XCBuildConfiguration section */

/* Begin XCConfigurationList section */
		1D2857F325DDA60B00AB974A /* Build configuration list for PBXProject "GBShop" */ = {
			isa = XCConfigurationList;
			buildConfigurations = (
				1D28582025DDA60F00AB974A /* Debug */,
				1D28582125DDA60F00AB974A /* Release */,
			);
			defaultConfigurationIsVisible = 0;
			defaultConfigurationName = Release;
		};
		1D28582225DDA60F00AB974A /* Build configuration list for PBXNativeTarget "GBShop" */ = {
			isa = XCConfigurationList;
			buildConfigurations = (
				1D28582325DDA60F00AB974A /* Debug */,
				1D28582425DDA60F00AB974A /* Release */,
			);
			defaultConfigurationIsVisible = 0;
			defaultConfigurationName = Release;
		};
		1D28582525DDA60F00AB974A /* Build configuration list for PBXNativeTarget "GBShopTests" */ = {
			isa = XCConfigurationList;
			buildConfigurations = (
				1D28582625DDA60F00AB974A /* Debug */,
				1D28582725DDA60F00AB974A /* Release */,
			);
			defaultConfigurationIsVisible = 0;
			defaultConfigurationName = Release;
		};
		1D28582825DDA60F00AB974A /* Build configuration list for PBXNativeTarget "GBShopUITests" */ = {
			isa = XCConfigurationList;
			buildConfigurations = (
				1D28582925DDA60F00AB974A /* Debug */,
				1D28582A25DDA60F00AB974A /* Release */,
			);
			defaultConfigurationIsVisible = 0;
			defaultConfigurationName = Release;
		};
/* End XCConfigurationList section */
	};
	rootObject = 1D2857F025DDA60B00AB974A /* Project object */;
}
