PODS:
  - Alamofire (5.4.1)
  - Swinject (2.7.1)

DEPENDENCIES:
  - Alamofire
  - Swinject

SPEC REPOS:
  trunk:
    - Alamofire
    - Swinject

SPEC CHECKSUMS:
  Alamofire: 2291f7d21ca607c491dd17642e5d40fdcda0e65c
  Swinject: ddf78b8486dd9b71a667b852cad919ab4484478e

PODFILE CHECKSUM: 012dbce56278dcb7cb7c540d795315cfdf64ddcd

COCOAPODS: 1.9.1
